// !$*UTF8*$!
{
	archiveVersion = 1;
	classes = {
	};
	objectVersion = 50;
	objects = {

/* Begin PBXBuildFile section */
		2E421F01254B2E4A007F1FC4 /* DetailsViewController.swift in Sources */ = {isa = PBXBuildFile; fileRef = 2E421F00254B2E4A007F1FC4 /* DetailsViewController.swift */; };
		2E4FC659254A9FDB0036C171 /* AppDelegate.swift in Sources */ = {isa = PBXBuildFile; fileRef = 2E4FC658254A9FDB0036C171 /* AppDelegate.swift */; };
		2E4FC65B254A9FDB0036C171 /* SceneDelegate.swift in Sources */ = {isa = PBXBuildFile; fileRef = 2E4FC65A254A9FDB0036C171 /* SceneDelegate.swift */; };
		2E4FC65D254A9FDB0036C171 /* ViewController.swift in Sources */ = {isa = PBXBuildFile; fileRef = 2E4FC65C254A9FDB0036C171 /* ViewController.swift */; };
		2E4FC660254A9FDB0036C171 /* Main.storyboard in Resources */ = {isa = PBXBuildFile; fileRef = 2E4FC65E254A9FDB0036C171 /* Main.storyboard */; };
		2E4FC662254A9FDE0036C171 /* Assets.xcassets in Resources */ = {isa = PBXBuildFile; fileRef = 2E4FC661254A9FDE0036C171 /* Assets.xcassets */; };
		2E4FC665254A9FDE0036C171 /* LaunchScreen.storyboard in Resources */ = {isa = PBXBuildFile; fileRef = 2E4FC663254A9FDE0036C171 /* LaunchScreen.storyboard */; };
		2E4FC670254AA0B40036C171 /* CollectionViewCell.swift in Sources */ = {isa = PBXBuildFile; fileRef = 2E4FC66E254AA0B40036C171 /* CollectionViewCell.swift */; };
		2E4FC671254AA0B40036C171 /* CollectionViewCell.xib in Resources */ = {isa = PBXBuildFile; fileRef = 2E4FC66F254AA0B40036C171 /* CollectionViewCell.xib */; };
		2E4FC674254AA0C80036C171 /* TableViewCell.swift in Sources */ = {isa = PBXBuildFile; fileRef = 2E4FC672254AA0C80036C171 /* TableViewCell.swift */; };
		2E4FC675254AA0C80036C171 /* TableViewCell.xib in Resources */ = {isa = PBXBuildFile; fileRef = 2E4FC673254AA0C80036C171 /* TableViewCell.xib */; };
		2EA3BB2A254C02DE00189875 /* OffersData.swift in Sources */ = {isa = PBXBuildFile; fileRef = 2EA3BB29254C02DE00189875 /* OffersData.swift */; };
		2EA3BB2C254C059600189875 /* DataManager.swift in Sources */ = {isa = PBXBuildFile; fileRef = 2EA3BB2B254C059600189875 /* DataManager.swift */; };
		2EA3BB2E254C0E8E00189875 /* list.json in Resources */ = {isa = PBXBuildFile; fileRef = 2EA3BB2D254C0E8E00189875 /* list.json */; };
/* End PBXBuildFile section */

/* Begin PBXFileReference section */
		2E421F00254B2E4A007F1FC4 /* DetailsViewController.swift */ = {isa = PBXFileReference; lastKnownFileType = sourcecode.swift; path = DetailsViewController.swift; sourceTree = "<group>"; };
		2E4FC655254A9FDB0036C171 /* SliceTask.app */ = {isa = PBXFileReference; explicitFileType = wrapper.application; includeInIndex = 0; path = SliceTask.app; sourceTree = BUILT_PRODUCTS_DIR; };
		2E4FC658254A9FDB0036C171 /* AppDelegate.swift */ = {isa = PBXFileReference; lastKnownFileType = sourcecode.swift; path = AppDelegate.swift; sourceTree = "<group>"; };
		2E4FC65A254A9FDB0036C171 /* SceneDelegate.swift */ = {isa = PBXFileReference; lastKnownFileType = sourcecode.swift; path = SceneDelegate.swift; sourceTree = "<group>"; };
		2E4FC65C254A9FDB0036C171 /* ViewController.swift */ = {isa = PBXFileReference; lastKnownFileType = sourcecode.swift; path = ViewController.swift; sourceTree = "<group>"; };
		2E4FC65F254A9FDB0036C171 /* Base */ = {isa = PBXFileReference; lastKnownFileType = file.storyboard; name = Base; path = Base.lproj/Main.storyboard; sourceTree = "<group>"; };
		2E4FC661254A9FDE0036C171 /* Assets.xcassets */ = {isa = PBXFileReference; lastKnownFileType = folder.assetcatalog; path = Assets.xcassets; sourceTree = "<group>"; };
		2E4FC664254A9FDE0036C171 /* Base */ = {isa = PBXFileReference; lastKnownFileType = file.storyboard; name = Base; path = Base.lproj/LaunchScreen.storyboard; sourceTree = "<group>"; };
		2E4FC666254A9FDE0036C171 /* Info.plist */ = {isa = PBXFileReference; lastKnownFileType = text.plist.xml; path = Info.plist; sourceTree = "<group>"; };
		2E4FC66E254AA0B40036C171 /* CollectionViewCell.swift */ = {isa = PBXFileReference; lastKnownFileType = sourcecode.swift; path = CollectionViewCell.swift; sourceTree = "<group>"; };
		2E4FC66F254AA0B40036C171 /* CollectionViewCell.xib */ = {isa = PBXFileReference; lastKnownFileType = file.xib; path = CollectionViewCell.xib; sourceTree = "<group>"; };
		2E4FC672254AA0C80036C171 /* TableViewCell.swift */ = {isa = PBXFileReference; lastKnownFileType = sourcecode.swift; path = TableViewCell.swift; sourceTree = "<group>"; };
		2E4FC673254AA0C80036C171 /* TableViewCell.xib */ = {isa = PBXFileReference; lastKnownFileType = file.xib; path = TableViewCell.xib; sourceTree = "<group>"; };
		2EA3BB29254C02DE00189875 /* OffersData.swift */ = {isa = PBXFileReference; lastKnownFileType = sourcecode.swift; path = OffersData.swift; sourceTree = "<group>"; };
		2EA3BB2B254C059600189875 /* DataManager.swift */ = {isa = PBXFileReference; lastKnownFileType = sourcecode.swift; path = DataManager.swift; sourceTree = "<group>"; };
		2EA3BB2D254C0E8E00189875 /* list.json */ = {isa = PBXFileReference; lastKnownFileType = text.json; path = list.json; sourceTree = "<group>"; };
/* End PBXFileReference section */

/* Begin PBXFrameworksBuildPhase section */
		2E4FC652254A9FDB0036C171 /* Frameworks */ = {
			isa = PBXFrameworksBuildPhase;
			buildActionMask = 2147483647;
			files = (
			);
			runOnlyForDeploymentPostprocessing = 0;
		};
/* End PBXFrameworksBuildPhase section */

/* Begin PBXGroup section */
		2E4FC64C254A9FDB0036C171 = {
			isa = PBXGroup;
			children = (
				2E4FC657254A9FDB0036C171 /* SliceTask */,
				2E4FC656254A9FDB0036C171 /* Products */,
			);
			sourceTree = "<group>";
		};
		2E4FC656254A9FDB0036C171 /* Products */ = {
			isa = PBXGroup;
			children = (
				2E4FC655254A9FDB0036C171 /* SliceTask.app */,
			);
			name = Products;
			sourceTree = "<group>";
		};
		2E4FC657254A9FDB0036C171 /* SliceTask */ = {
			isa = PBXGroup;
			children = (
				2E4FC658254A9FDB0036C171 /* AppDelegate.swift */,
				2E4FC65A254A9FDB0036C171 /* SceneDelegate.swift */,
				2E4FC65C254A9FDB0036C171 /* ViewController.swift */,
				2EA3BB28254C02AE00189875 /* Model */,
				2E421F00254B2E4A007F1FC4 /* DetailsViewController.swift */,
				2E4FC66D254AA06F0036C171 /* Collection Cell */,
				2E4FC66C254AA05A0036C171 /* Table Cell */,
				2E4FC65E254A9FDB0036C171 /* Main.storyboard */,
				2E4FC661254A9FDE0036C171 /* Assets.xcassets */,
				2E4FC663254A9FDE0036C171 /* LaunchScreen.storyboard */,
				2E4FC666254A9FDE0036C171 /* Info.plist */,
			);
			path = SliceTask;
			sourceTree = "<group>";
		};
		2E4FC66C254AA05A0036C171 /* Table Cell */ = {
			isa = PBXGroup;
			children = (
				2E4FC672254AA0C80036C171 /* TableViewCell.swift */,
				2E4FC673254AA0C80036C171 /* TableViewCell.xib */,
			);
			path = "Table Cell";
			sourceTree = "<group>";
		};
		2E4FC66D254AA06F0036C171 /* Collection Cell */ = {
			isa = PBXGroup;
			children = (
				2E4FC66E254AA0B40036C171 /* CollectionViewCell.swift */,
				2E4FC66F254AA0B40036C171 /* CollectionViewCell.xib */,
			);
			path = "Collection Cell";
			sourceTree = "<group>";
		};
		2EA3BB28254C02AE00189875 /* Model */ = {
			isa = PBXGroup;
			children = (
				2EA3BB29254C02DE00189875 /* OffersData.swift */,
				2EA3BB2D254C0E8E00189875 /* list.json */,
				2EA3BB2B254C059600189875 /* DataManager.swift */,
			);
			path = Model;
			sourceTree = "<group>";
		};
/* End PBXGroup section */

/* Begin PBXNativeTarget section */
		2E4FC654254A9FDB0036C171 /* SliceTask */ = {
			isa = PBXNativeTarget;
			buildConfigurationList = 2E4FC669254A9FDF0036C171 /* Build configuration list for PBXNativeTarget "SliceTask" */;
			buildPhases = (
				2E4FC651254A9FDB0036C171 /* Sources */,
				2E4FC652254A9FDB0036C171 /* Frameworks */,
				2E4FC653254A9FDB0036C171 /* Resources */,
			);
			buildRules = (
			);
			dependencies = (
			);
			name = SliceTask;
			productName = SliceTask;
			productReference = 2E4FC655254A9FDB0036C171 /* SliceTask.app */;
			productType = "com.apple.product-type.application";
		};
/* End PBXNativeTarget section */

/* Begin PBXProject section */
		2E4FC64D254A9FDB0036C171 /* Project object */ = {
			isa = PBXProject;
			attributes = {
				LastSwiftUpdateCheck = 1170;
				LastUpgradeCheck = 1170;
				ORGANIZATIONNAME = "Aakash Sinha";
				TargetAttributes = {
					2E4FC654254A9FDB0036C171 = {
						CreatedOnToolsVersion = 11.7;
					};
				};
			};
			buildConfigurationList = 2E4FC650254A9FDB0036C171 /* Build configuration list for PBXProject "SliceTask" */;
			compatibilityVersion = "Xcode 9.3";
			developmentRegion = en;
			hasScannedForEncodings = 0;
			knownRegions = (
				en,
				Base,
			);
			mainGroup = 2E4FC64C254A9FDB0036C171;
			productRefGroup = 2E4FC656254A9FDB0036C171 /* Products */;
			projectDirPath = "";
			projectRoot = "";
			targets = (
				2E4FC654254A9FDB0036C171 /* SliceTask */,
			);
		};
/* End PBXProject section */

/* Begin PBXResourcesBuildPhase section */
		2E4FC653254A9FDB0036C171 /* Resources */ = {
			isa = PBXResourcesBuildPhase;
			buildActionMask = 2147483647;
			files = (
				2E4FC665254A9FDE0036C171 /* LaunchScreen.storyboard in Resources */,
				2E4FC675254AA0C80036C171 /* TableViewCell.xib in Resources */,
				2E4FC662254A9FDE0036C171 /* Assets.xcassets in Resources */,
				2E4FC671254AA0B40036C171 /* CollectionViewCell.xib in Resources */,
				2E4FC660254A9FDB0036C171 /* Main.storyboard in Resources */,
				2EA3BB2E254C0E8E00189875 /* list.json in Resources */,
			);
			runOnlyForDeploymentPostprocessing = 0;
		};
/* End PBXResourcesBuildPhase section */

/* Begin PBXSourcesBuildPhase section */
		2E4FC651254A9FDB0036C171 /* Sources */ = {
			isa = PBXSourcesBuildPhase;
			buildActionMask = 2147483647;
			files = (
				2EA3BB2A254C02DE00189875 /* OffersData.swift in Sources */,
				2EA3BB2C254C059600189875 /* DataManager.swift in Sources */,
				2E4FC674254AA0C80036C171 /* TableViewCell.swift in Sources */,
				2E4FC65D254A9FDB0036C171 /* ViewController.swift in Sources */,
				2E4FC659254A9FDB0036C171 /* AppDelegate.swift in Sources */,
				2E4FC670254AA0B40036C171 /* CollectionViewCell.swift in Sources */,
				2E4FC65B254A9FDB0036C171 /* SceneDelegate.swift in Sources */,
				2E421F01254B2E4A007F1FC4 /* DetailsViewController.swift in Sources */,
			);
			runOnlyForDeploymentPostprocessing = 0;
		};
/* End PBXSourcesBuildPhase section */

/* Begin PBXVariantGroup section */
		2E4FC65E254A9FDB0036C171 /* Main.storyboard */ = {
			isa = PBXVariantGroup;
			children = (
				2E4FC65F254A9FDB0036C171 /* Base */,
			);
			name = Main.storyboard;
			sourceTree = "<group>";
		};
		2E4FC663254A9FDE0036C171 /* LaunchScreen.storyboard */ = {
			isa = PBXVariantGroup;
			children = (
				2E4FC664254A9FDE0036C171 /* Base */,
			);
			name = LaunchScreen.storyboard;
			sourceTree = "<group>";
		};
/* End PBXVariantGroup section */

/* Begin XCBuildConfiguration section */
		2E4FC667254A9FDE0036C171 /* Debug */ = {
			isa = XCBuildConfiguration;
			buildSettings = {
				ALWAYS_SEARCH_USER_PATHS = NO;
				CLANG_ANALYZER_NONNULL = YES;
				CLANG_ANALYZER_NUMBER_OBJECT_CONVERSION = YES_AGGRESSIVE;
				CLANG_CXX_LANGUAGE_STANDARD = "gnu++14";
				CLANG_CXX_LIBRARY = "libc++";
				CLANG_ENABLE_MODULES = YES;
				CLANG_ENABLE_OBJC_ARC = YES;
				CLANG_ENABLE_OBJC_WEAK = YES;
				CLANG_WARN_BLOCK_CAPTURE_AUTORELEASING = YES;
				CLANG_WARN_BOOL_CONVERSION = YES;
				CLANG_WARN_COMMA = YES;
				CLANG_WARN_CONSTANT_CONVERSION = YES;
				CLANG_WARN_DEPRECATED_OBJC_IMPLEMENTATIONS = YES;
				CLANG_WARN_DIRECT_OBJC_ISA_USAGE = YES_ERROR;
				CLANG_WARN_DOCUMENTATION_COMMENTS = YES;
				CLANG_WARN_EMPTY_BODY = YES;
				CLANG_WARN_ENUM_CONVERSION = YES;
				CLANG_WARN_INFINITE_RECURSION = YES;
				CLANG_WARN_INT_CONVERSION = YES;
				CLANG_WARN_NON_LITERAL_NULL_CONVERSION = YES;
				CLANG_WARN_OBJC_IMPLICIT_RETAIN_SELF = YES;
				CLANG_WARN_OBJC_LITERAL_CONVERSION = YES;
				CLANG_WARN_OBJC_ROOT_CLASS = YES_ERROR;
				CLANG_WARN_RANGE_LOOP_ANALYSIS = YES;
				CLANG_WARN_STRICT_PROTOTYPES = YES;
				CLANG_WARN_SUSPICIOUS_MOVE = YES;
				CLANG_WARN_UNGUARDED_AVAILABILITY = YES_AGGRESSIVE;
				CLANG_WARN_UNREACHABLE_CODE = YES;
				CLANG_WARN__DUPLICATE_METHOD_MATCH = YES;
				COPY_PHASE_STRIP = NO;
				DEBUG_INFORMATION_FORMAT = dwarf;
				ENABLE_STRICT_OBJC_MSGSEND = YES;
				ENABLE_TESTABILITY = YES;
				GCC_C_LANGUAGE_STANDARD = gnu11;
				GCC_DYNAMIC_NO_PIC = NO;
				GCC_NO_COMMON_BLOCKS = YES;
				GCC_OPTIMIZATION_LEVEL = 0;
				GCC_PREPROCESSOR_DEFINITIONS = (
					"DEBUG=1",
					"$(inherited)",
				);
				GCC_WARN_64_TO_32_BIT_CONVERSION = YES;
				GCC_WARN_ABOUT_RETURN_TYPE = YES_ERROR;
				GCC_WARN_UNDECLARED_SELECTOR = YES;
				GCC_WARN_UNINITIALIZED_AUTOS = YES_AGGRESSIVE;
				GCC_WARN_UNUSED_FUNCTION = YES;
				GCC_WARN_UNUSED_VARIABLE = YES;
				IPHONEOS_DEPLOYMENT_TARGET = 13.5;
				MTL_ENABLE_DEBUG_INFO = INCLUDE_SOURCE;
				MTL_FAST_MATH = YES;
				ONLY_ACTIVE_ARCH = YES;
				SDKROOT = iphoneos;
				SWIFT_ACTIVE_COMPILATION_CONDITIONS = DEBUG;
				SWIFT_OPTIMIZATION_LEVEL = "-Onone";
			};
			name = Debug;
		};
		2E4FC668254A9FDF0036C171 /* Release */ = {
			isa = XCBuildConfiguration;
			buildSettings = {
				ALWAYS_SEARCH_USER_PATHS = NO;
				CLANG_ANALYZER_NONNULL = YES;
				CLANG_ANALYZER_NUMBER_OBJECT_CONVERSION = YES_AGGRESSIVE;
				CLANG_CXX_LANGUAGE_STANDARD = "gnu++14";
				CLANG_CXX_LIBRARY = "libc++";
				CLANG_ENABLE_MODULES = YES;
				CLANG_ENABLE_OBJC_ARC = YES;
				CLANG_ENABLE_OBJC_WEAK = YES;
				CLANG_WARN_BLOCK_CAPTURE_AUTORELEASING = YES;
				CLANG_WARN_BOOL_CONVERSION = YES;
				CLANG_WARN_COMMA = YES;
				CLANG_WARN_CONSTANT_CONVERSION = YES;
				CLANG_WARN_DEPRECATED_OBJC_IMPLEMENTATIONS = YES;
				CLANG_WARN_DIRECT_OBJC_ISA_USAGE = YES_ERROR;
				CLANG_WARN_DOCUMENTATION_COMMENTS = YES;
				CLANG_WARN_EMPTY_BODY = YES;
				CLANG_WARN_ENUM_CONVERSION = YES;
				CLANG_WARN_INFINITE_RECURSION = YES;
				CLANG_WARN_INT_CONVERSION = YES;
				CLANG_WARN_NON_LITERAL_NULL_CONVERSION = YES;
				CLANG_WARN_OBJC_IMPLICIT_RETAIN_SELF = YES;
				CLANG_WARN_OBJC_LITERAL_CONVERSION = YES;
				CLANG_WARN_OBJC_ROOT_CLASS = YES_ERROR;
				CLANG_WARN_RANGE_LOOP_ANALYSIS = YES;
				CLANG_WARN_STRICT_PROTOTYPES = YES;
				CLANG_WARN_SUSPICIOUS_MOVE = YES;
				CLANG_WARN_UNGUARDED_AVAILABILITY = YES_AGGRESSIVE;
				CLANG_WARN_UNREACHABLE_CODE = YES;
				CLANG_WARN__DUPLICATE_METHOD_MATCH = YES;
				COPY_PHASE_STRIP = NO;
				DEBUG_INFORMATION_FORMAT = "dwarf-with-dsym";
				ENABLE_NS_ASSERTIONS = NO;
				ENABLE_STRICT_OBJC_MSGSEND = YES;
				GCC_C_LANGUAGE_STANDARD = gnu11;
				GCC_NO_COMMON_BLOCKS = YES;
				GCC_WARN_64_TO_32_BIT_CONVERSION = YES;
				GCC_WARN_ABOUT_RETURN_TYPE = YES_ERROR;
				GCC_WARN_UNDECLARED_SELECTOR = YES;
				GCC_WARN_UNINITIALIZED_AUTOS = YES_AGGRESSIVE;
				GCC_WARN_UNUSED_FUNCTION = YES;
				GCC_WARN_UNUSED_VARIABLE = YES;
				IPHONEOS_DEPLOYMENT_TARGET = 13.5;
				MTL_ENABLE_DEBUG_INFO = NO;
				MTL_FAST_MATH = YES;
				SDKROOT = iphoneos;
				SWIFT_COMPILATION_MODE = wholemodule;
				SWIFT_OPTIMIZATION_LEVEL = "-O";
				VALIDATE_PRODUCT = YES;
			};
			name = Release;
		};
		2E4FC66A254A9FDF0036C171 /* Debug */ = {
			isa = XCBuildConfiguration;
			buildSettings = {
				ASSETCATALOG_COMPILER_APPICON_NAME = AppIcon;
				CODE_SIGN_STYLE = Automatic;
				DEVELOPMENT_TEAM = ZT7SZU32GJ;
				INFOPLIST_FILE = SliceTask/Info.plist;
				LD_RUNPATH_SEARCH_PATHS = (
					"$(inherited)",
					"@executable_path/Frameworks",
				);
				PRODUCT_BUNDLE_IDENTIFIER = com.aakashsinha.SliceTask;
				PRODUCT_NAME = "$(TARGET_NAME)";
				SWIFT_VERSION = 5.0;
				TARGETED_DEVICE_FAMILY = 1;
			};
			name = Debug;
		};
		2E4FC66B254A9FDF0036C171 /* Release */ = {
			isa = XCBuildConfiguration;
			buildSettings = {
				ASSETCATALOG_COMPILER_APPICON_NAME = AppIcon;
				CODE_SIGN_STYLE = Automatic;
				DEVELOPMENT_TEAM = ZT7SZU32GJ;
				INFOPLIST_FILE = SliceTask/Info.plist;
				LD_RUNPATH_SEARCH_PATHS = (
					"$(inherited)",
					"@executable_path/Frameworks",
				);
				PRODUCT_BUNDLE_IDENTIFIER = com.aakashsinha.SliceTask;
				PRODUCT_NAME = "$(TARGET_NAME)";
				SWIFT_VERSION = 5.0;
				TARGETED_DEVICE_FAMILY = 1;
			};
			name = Release;
		};
/* End XCBuildConfiguration section */

/* Begin XCConfigurationList section */
		2E4FC650254A9FDB0036C171 /* Build configuration list for PBXProject "SliceTask" */ = {
			isa = XCConfigurationList;
			buildConfigurations = (
				2E4FC667254A9FDE0036C171 /* Debug */,
				2E4FC668254A9FDF0036C171 /* Release */,
			);
			defaultConfigurationIsVisible = 0;
			defaultConfigurationName = Release;
		};
		2E4FC669254A9FDF0036C171 /* Build configuration list for PBXNativeTarget "SliceTask" */ = {
			isa = XCConfigurationList;
			buildConfigurations = (
				2E4FC66A254A9FDF0036C171 /* Debug */,
				2E4FC66B254A9FDF0036C171 /* Release */,
			);
			defaultConfigurationIsVisible = 0;
			defaultConfigurationName = Release;
		};
/* End XCConfigurationList section */
	};
	rootObject = 2E4FC64D254A9FDB0036C171 /* Project object */;
}
